
Microsoft Visual Studio Solution File, Format Version 12.00
# Visual Studio Version 16
VisualStudioVersion = 16.0.31005.135
MinimumVisualStudioVersion = 10.0.40219.1
Project("{FAE04EC0-301F-11D3-BF4B-00C04F79EFBC}") = "Test.ConsoleAppNavicon", "Test.ConsoleAppNavicon\Test.ConsoleAppNavicon.csproj", "{84C4059B-1A43-42D5-BBA1-65EF92D0CAEE}"
EndProject
Project("{FAE04EC0-301F-11D3-BF4B-00C04F79EFBC}") = "Test.Nav.Plugins", "Test.Nav.Plugins\Test.Nav.Plugins.csproj", "{A98C8FDF-7D37-47CF-B608-C3B9F21D1D4F}"
EndProject
Project("{FAE04EC0-301F-11D3-BF4B-00C04F79EFBC}") = "Test.Workflows", "Test.Workflows\Test.Workflows.csproj", "{7FE7B209-5628-48D9-9032-4B26B7237E4D}"
EndProject
Global
	GlobalSection(SolutionConfigurationPlatforms) = preSolution
		Debug|Any CPU = Debug|Any CPU
		Release|Any CPU = Release|Any CPU
	EndGlobalSection
	GlobalSection(ProjectConfigurationPlatforms) = postSolution
		{84C4059B-1A43-42D5-BBA1-65EF92D0CAEE}.Debug|Any CPU.ActiveCfg = Debug|Any CPU
		{84C4059B-1A43-42D5-BBA1-65EF92D0CAEE}.Debug|Any CPU.Build.0 = Debug|Any CPU
		{84C4059B-1A43-42D5-BBA1-65EF92D0CAEE}.Release|Any CPU.ActiveCfg = Release|Any CPU
		{84C4059B-1A43-42D5-BBA1-65EF92D0CAEE}.Release|Any CPU.Build.0 = Release|Any CPU
		{A98C8FDF-7D37-47CF-B608-C3B9F21D1D4F}.Debug|Any CPU.ActiveCfg = Debug|Any CPU
		{A98C8FDF-7D37-47CF-B608-C3B9F21D1D4F}.Debug|Any CPU.Build.0 = Debug|Any CPU
		{A98C8FDF-7D37-47CF-B608-C3B9F21D1D4F}.Release|Any CPU.ActiveCfg = Release|Any CPU
		{A98C8FDF-7D37-47CF-B608-C3B9F21D1D4F}.Release|Any CPU.Build.0 = Release|Any CPU
		{7FE7B209-5628-48D9-9032-4B26B7237E4D}.Debug|Any CPU.ActiveCfg = Debug|Any CPU
		{7FE7B209-5628-48D9-9032-4B26B7237E4D}.Debug|Any CPU.Build.0 = Debug|Any CPU
		{7FE7B209-5628-48D9-9032-4B26B7237E4D}.Release|Any CPU.ActiveCfg = Release|Any CPU
		{7FE7B209-5628-48D9-9032-4B26B7237E4D}.Release|Any CPU.Build.0 = Release|Any CPU
	EndGlobalSection
	GlobalSection(SolutionProperties) = preSolution
		HideSolutionNode = FALSE
	EndGlobalSection
	GlobalSection(ExtensibilityGlobals) = postSolution
		SolutionGuid = {C1A8EBFA-C19D-4E4B-855C-E71F8DA3BAF8}
	EndGlobalSection
EndGlobal
